
Microsoft Visual Studio Solution File, Format Version 12.00
# Visual Studio Version 17
VisualStudioVersion = 17.10.35122.118
MinimumVisualStudioVersion = 10.0.40219.1
Project("{FAE04EC0-301F-11D3-BF4B-00C04F79EFBC}") = "Logging and Tracing", "Logging and Tracing\Logging and Tracing.csproj", "{ACBDC959-9690-46D6-B91C-83E4E4C5CFD6}"
EndProject
Project("{FAE04EC0-301F-11D3-BF4B-00C04F79EFBC}") = "Lab", "Lab\Lab.csproj", "{AB3F3534-7777-4971-8BD3-08C9F3959A00}"
EndProject
Global
	GlobalSection(SolutionConfigurationPlatforms) = preSolution
		Debug|Any CPU = Debug|Any CPU
		Release|Any CPU = Release|Any CPU
	EndGlobalSection
	GlobalSection(ProjectConfigurationPlatforms) = postSolution
		{ACBDC959-9690-46D6-B91C-83E4E4C5CFD6}.Debug|Any CPU.ActiveCfg = Debug|Any CPU
		{ACBDC959-9690-46D6-B91C-83E4E4C5CFD6}.Debug|Any CPU.Build.0 = Debug|Any CPU
		{ACBDC959-9690-46D6-B91C-83E4E4C5CFD6}.Release|Any CPU.ActiveCfg = Release|Any CPU
		{ACBDC959-9690-46D6-B91C-83E4E4C5CFD6}.Release|Any CPU.Build.0 = Release|Any CPU
		{AB3F3534-7777-4971-8BD3-08C9F3959A00}.Debug|Any CPU.ActiveCfg = Debug|Any CPU
		{AB3F3534-7777-4971-8BD3-08C9F3959A00}.Debug|Any CPU.Build.0 = Debug|Any CPU
		{AB3F3534-7777-4971-8BD3-08C9F3959A00}.Release|Any CPU.ActiveCfg = Release|Any CPU
		{AB3F3534-7777-4971-8BD3-08C9F3959A00}.Release|Any CPU.Build.0 = Release|Any CPU
	EndGlobalSection
	GlobalSection(SolutionProperties) = preSolution
		HideSolutionNode = FALSE
	EndGlobalSection
	GlobalSection(ExtensibilityGlobals) = postSolution
		SolutionGuid = {4856816D-9672-45D7-A8C9-5291179694D7}
	EndGlobalSection
EndGlobal
