
Microsoft Visual Studio Solution File, Format Version 12.00
# Visual Studio Version 17
VisualStudioVersion = 17.10.35122.118
MinimumVisualStudioVersion = 10.0.40219.1
Project("{9A19103F-16F7-4668-BE54-9A1E7A4F7556}") = "Demo3-Adapter", "Demo3\Demo3-Adapter.csproj", "{43221DDB-7940-454C-82CD-72FFF27B64C1}"
EndProject
Project("{9A19103F-16F7-4668-BE54-9A1E7A4F7556}") = "Demo4-Transaction", "Demo4-Transaction\Demo4-Transaction.csproj", "{B1C63D6B-29AB-4C0F-A625-65904AFC6084}"
EndProject
Project("{9A19103F-16F7-4668-BE54-9A1E7A4F7556}") = "Demo1", "Demo1\Demo1.csproj", "{CC37FDB6-FE22-4EC8-86E8-B49C37B9CB98}"
EndProject
Project("{9A19103F-16F7-4668-BE54-9A1E7A4F7556}") = "Demo2", "Demo2\Demo2.csproj", "{0AE03A8F-99A9-496B-BD35-54E3EC98F4B9}"
EndProject
Project("{FAE04EC0-301F-11D3-BF4B-00C04F79EFBC}") = "Task", "Task\Task.csproj", "{4C0E959F-2B3B-4641-9AE4-DF3F6DD21E7B}"
EndProject
Global
	GlobalSection(SolutionConfigurationPlatforms) = preSolution
		Debug|Any CPU = Debug|Any CPU
		Release|Any CPU = Release|Any CPU
	EndGlobalSection
	GlobalSection(ProjectConfigurationPlatforms) = postSolution
		{43221DDB-7940-454C-82CD-72FFF27B64C1}.Debug|Any CPU.ActiveCfg = Debug|Any CPU
		{43221DDB-7940-454C-82CD-72FFF27B64C1}.Debug|Any CPU.Build.0 = Debug|Any CPU
		{43221DDB-7940-454C-82CD-72FFF27B64C1}.Release|Any CPU.ActiveCfg = Release|Any CPU
		{43221DDB-7940-454C-82CD-72FFF27B64C1}.Release|Any CPU.Build.0 = Release|Any CPU
		{B1C63D6B-29AB-4C0F-A625-65904AFC6084}.Debug|Any CPU.ActiveCfg = Debug|Any CPU
		{B1C63D6B-29AB-4C0F-A625-65904AFC6084}.Debug|Any CPU.Build.0 = Debug|Any CPU
		{B1C63D6B-29AB-4C0F-A625-65904AFC6084}.Release|Any CPU.ActiveCfg = Release|Any CPU
		{B1C63D6B-29AB-4C0F-A625-65904AFC6084}.Release|Any CPU.Build.0 = Release|Any CPU
		{CC37FDB6-FE22-4EC8-86E8-B49C37B9CB98}.Debug|Any CPU.ActiveCfg = Debug|Any CPU
		{CC37FDB6-FE22-4EC8-86E8-B49C37B9CB98}.Debug|Any CPU.Build.0 = Debug|Any CPU
		{CC37FDB6-FE22-4EC8-86E8-B49C37B9CB98}.Release|Any CPU.ActiveCfg = Release|Any CPU
		{CC37FDB6-FE22-4EC8-86E8-B49C37B9CB98}.Release|Any CPU.Build.0 = Release|Any CPU
		{0AE03A8F-99A9-496B-BD35-54E3EC98F4B9}.Debug|Any CPU.ActiveCfg = Debug|Any CPU
		{0AE03A8F-99A9-496B-BD35-54E3EC98F4B9}.Debug|Any CPU.Build.0 = Debug|Any CPU
		{0AE03A8F-99A9-496B-BD35-54E3EC98F4B9}.Release|Any CPU.ActiveCfg = Release|Any CPU
		{0AE03A8F-99A9-496B-BD35-54E3EC98F4B9}.Release|Any CPU.Build.0 = Release|Any CPU
		{4C0E959F-2B3B-4641-9AE4-DF3F6DD21E7B}.Debug|Any CPU.ActiveCfg = Debug|Any CPU
		{4C0E959F-2B3B-4641-9AE4-DF3F6DD21E7B}.Debug|Any CPU.Build.0 = Debug|Any CPU
		{4C0E959F-2B3B-4641-9AE4-DF3F6DD21E7B}.Release|Any CPU.ActiveCfg = Release|Any CPU
		{4C0E959F-2B3B-4641-9AE4-DF3F6DD21E7B}.Release|Any CPU.Build.0 = Release|Any CPU
	EndGlobalSection
	GlobalSection(SolutionProperties) = preSolution
		HideSolutionNode = FALSE
	EndGlobalSection
	GlobalSection(ExtensibilityGlobals) = postSolution
		SolutionGuid = {E70B5527-4BE9-426B-863A-B7891E80361E}
	EndGlobalSection
EndGlobal
