
Microsoft Visual Studio Solution File, Format Version 12.00
# Visual Studio Version 17
VisualStudioVersion = 17.10.35122.118
MinimumVisualStudioVersion = 10.0.40219.1
Project("{FAE04EC0-301F-11D3-BF4B-00C04F79EFBC}") = "C# Day3", "C# Day3\C# Day3.csproj", "{3BA884FF-0C71-4A07-B946-DF9F0F4B876A}"
EndProject
Global
	GlobalSection(SolutionConfigurationPlatforms) = preSolution
		Debug|Any CPU = Debug|Any CPU
		Release|Any CPU = Release|Any CPU
	EndGlobalSection
	GlobalSection(ProjectConfigurationPlatforms) = postSolution
		{3BA884FF-0C71-4A07-B946-DF9F0F4B876A}.Debug|Any CPU.ActiveCfg = Debug|Any CPU
		{3BA884FF-0C71-4A07-B946-DF9F0F4B876A}.Debug|Any CPU.Build.0 = Debug|Any CPU
		{3BA884FF-0C71-4A07-B946-DF9F0F4B876A}.Release|Any CPU.ActiveCfg = Release|Any CPU
		{3BA884FF-0C71-4A07-B946-DF9F0F4B876A}.Release|Any CPU.Build.0 = Release|Any CPU
	EndGlobalSection
	GlobalSection(SolutionProperties) = preSolution
		HideSolutionNode = FALSE
	EndGlobalSection
	GlobalSection(ExtensibilityGlobals) = postSolution
		SolutionGuid = {0AEBBCBC-2F19-4AAC-8BD9-E44513271C1D}
	EndGlobalSection
EndGlobal
